// !$*UTF8*$!
{
	archiveVersion = 1;
	classes = {
	};
	objectVersion = 46;
	objects = {

/* Begin PBXBuildFile section */
		7CB637B41998F06100B1373C /* Foundation.framework in Frameworks */ = {isa = PBXBuildFile; fileRef = 7CB637B31998F06100B1373C /* Foundation.framework */; };
		7CB637B61998F06100B1373C /* CoreGraphics.framework in Frameworks */ = {isa = PBXBuildFile; fileRef = 7CB637B51998F06100B1373C /* CoreGraphics.framework */; };
		7CB637B81998F06100B1373C /* UIKit.framework in Frameworks */ = {isa = PBXBuildFile; fileRef = 7CB637B71998F06100B1373C /* UIKit.framework */; };
		7CB637BE1998F06100B1373C /* InfoPlist.strings in Resources */ = {isa = PBXBuildFile; fileRef = 7CB637BC1998F06100B1373C /* InfoPlist.strings */; };
		7CB637C01998F06100B1373C /* main.m in Sources */ = {isa = PBXBuildFile; fileRef = 7CB637BF1998F06100B1373C /* main.m */; };
		7CB637C41998F06100B1373C /* AppDelegate.m in Sources */ = {isa = PBXBuildFile; fileRef = 7CB637C31998F06100B1373C /* AppDelegate.m */; };
		7CB637C61998F06100B1373C /* Images.xcassets in Resources */ = {isa = PBXBuildFile; fileRef = 7CB637C51998F06100B1373C /* Images.xcassets */; };
		7CB637CD1998F06100B1373C /* XCTest.framework in Frameworks */ = {isa = PBXBuildFile; fileRef = 7CB637CC1998F06100B1373C /* XCTest.framework */; };
		7CB637CE1998F06100B1373C /* Foundation.framework in Frameworks */ = {isa = PBXBuildFile; fileRef = 7CB637B31998F06100B1373C /* Foundation.framework */; };
		7CB637CF1998F06100B1373C /* UIKit.framework in Frameworks */ = {isa = PBXBuildFile; fileRef = 7CB637B71998F06100B1373C /* UIKit.framework */; };
		7CB637D71998F06100B1373C /* InfoPlist.strings in Resources */ = {isa = PBXBuildFile; fileRef = 7CB637D51998F06100B1373C /* InfoPlist.strings */; };
		7CB637D91998F06100B1373C /* PlayingWithUIKitDynamicsTests.m in Sources */ = {isa = PBXBuildFile; fileRef = 7CB637D81998F06100B1373C /* PlayingWithUIKitDynamicsTests.m */; };
		7CB637E41998F1F200B1373C /* GravityViewController.m in Sources */ = {isa = PBXBuildFile; fileRef = 7CB637E31998F1F200B1373C /* GravityViewController.m */; };
/* End PBXBuildFile section */

/* Begin PBXContainerItemProxy section */
		7CB637D01998F06100B1373C /* PBXContainerItemProxy */ = {
			isa = PBXContainerItemProxy;
			containerPortal = 7CB637A81998F06100B1373C /* Project object */;
			proxyType = 1;
			remoteGlobalIDString = 7CB637AF1998F06100B1373C;
			remoteInfo = PlayingWithUIKitDynamics;
		};
/* End PBXContainerItemProxy section */

/* Begin PBXFileReference section */
		7CB637B01998F06100B1373C /* PlayingWithUIKitDynamics.app */ = {isa = PBXFileReference; explicitFileType = wrapper.application; includeInIndex = 0; path = PlayingWithUIKitDynamics.app; sourceTree = BUILT_PRODUCTS_DIR; };
		7CB637B31998F06100B1373C /* Foundation.framework */ = {isa = PBXFileReference; lastKnownFileType = wrapper.framework; name = Foundation.framework; path = System/Library/Frameworks/Foundation.framework; sourceTree = SDKROOT; };
		7CB637B51998F06100B1373C /* CoreGraphics.framework */ = {isa = PBXFileReference; lastKnownFileType = wrapper.framework; name = CoreGraphics.framework; path = System/Library/Frameworks/CoreGraphics.framework; sourceTree = SDKROOT; };
		7CB637B71998F06100B1373C /* UIKit.framework */ = {isa = PBXFileReference; lastKnownFileType = wrapper.framework; name = UIKit.framework; path = System/Library/Frameworks/UIKit.framework; sourceTree = SDKROOT; };
		7CB637BB1998F06100B1373C /* PlayingWithUIKitDynamics-Info.plist */ = {isa = PBXFileReference; lastKnownFileType = text.plist.xml; path = "PlayingWithUIKitDynamics-Info.plist"; sourceTree = "<group>"; };
		7CB637BD1998F06100B1373C /* en */ = {isa = PBXFileReference; lastKnownFileType = text.plist.strings; name = en; path = en.lproj/InfoPlist.strings; sourceTree = "<group>"; };
		7CB637BF1998F06100B1373C /* main.m */ = {isa = PBXFileReference; lastKnownFileType = sourcecode.c.objc; path = main.m; sourceTree = "<group>"; };
		7CB637C11998F06100B1373C /* PlayingWithUIKitDynamics-Prefix.pch */ = {isa = PBXFileReference; lastKnownFileType = sourcecode.c.h; path = "PlayingWithUIKitDynamics-Prefix.pch"; sourceTree = "<group>"; };
		7CB637C21998F06100B1373C /* AppDelegate.h */ = {isa = PBXFileReference; lastKnownFileType = sourcecode.c.h; path = AppDelegate.h; sourceTree = "<group>"; };
		7CB637C31998F06100B1373C /* AppDelegate.m */ = {isa = PBXFileReference; lastKnownFileType = sourcecode.c.objc; path = AppDelegate.m; sourceTree = "<group>"; };
		7CB637C51998F06100B1373C /* Images.xcassets */ = {isa = PBXFileReference; lastKnownFileType = folder.assetcatalog; path = Images.xcassets; sourceTree = "<group>"; };
		7CB637CB1998F06100B1373C /* PlayingWithUIKitDynamicsTests.xctest */ = {isa = PBXFileReference; explicitFileType = wrapper.cfbundle; includeInIndex = 0; path = PlayingWithUIKitDynamicsTests.xctest; sourceTree = BUILT_PRODUCTS_DIR; };
		7CB637CC1998F06100B1373C /* XCTest.framework */ = {isa = PBXFileReference; lastKnownFileType = wrapper.framework; name = XCTest.framework; path = Library/Frameworks/XCTest.framework; sourceTree = DEVELOPER_DIR; };
		7CB637D41998F06100B1373C /* PlayingWithUIKitDynamicsTests-Info.plist */ = {isa = PBXFileReference; lastKnownFileType = text.plist.xml; path = "PlayingWithUIKitDynamicsTests-Info.plist"; sourceTree = "<group>"; };
		7CB637D61998F06100B1373C /* en */ = {isa = PBXFileReference; lastKnownFileType = text.plist.strings; name = en; path = en.lproj/InfoPlist.strings; sourceTree = "<group>"; };
		7CB637D81998F06100B1373C /* PlayingWithUIKitDynamicsTests.m */ = {isa = PBXFileReference; lastKnownFileType = sourcecode.c.objc; path = PlayingWithUIKitDynamicsTests.m; sourceTree = "<group>"; };
		7CB637E21998F1F200B1373C /* GravityViewController.h */ = {isa = PBXFileReference; fileEncoding = 4; lastKnownFileType = sourcecode.c.h; path = GravityViewController.h; sourceTree = "<group>"; };
		7CB637E31998F1F200B1373C /* GravityViewController.m */ = {isa = PBXFileReference; fileEncoding = 4; lastKnownFileType = sourcecode.c.objc; path = GravityViewController.m; sourceTree = "<group>"; };
/* End PBXFileReference section */

/* Begin PBXFrameworksBuildPhase section */
		7CB637AD1998F06100B1373C /* Frameworks */ = {
			isa = PBXFrameworksBuildPhase;
			buildActionMask = 2147483647;
			files = (
				7CB637B61998F06100B1373C /* CoreGraphics.framework in Frameworks */,
				7CB637B81998F06100B1373C /* UIKit.framework in Frameworks */,
				7CB637B41998F06100B1373C /* Foundation.framework in Frameworks */,
			);
			runOnlyForDeploymentPostprocessing = 0;
		};
		7CB637C81998F06100B1373C /* Frameworks */ = {
			isa = PBXFrameworksBuildPhase;
			buildActionMask = 2147483647;
			files = (
				7CB637CD1998F06100B1373C /* XCTest.framework in Frameworks */,
				7CB637CF1998F06100B1373C /* UIKit.framework in Frameworks */,
				7CB637CE1998F06100B1373C /* Foundation.framework in Frameworks */,
			);
			runOnlyForDeploymentPostprocessing = 0;
		};
/* End PBXFrameworksBuildPhase section */

/* Begin PBXGroup section */
		7CB637A71998F06100B1373C = {
			isa = PBXGroup;
			children = (
				7CB637B91998F06100B1373C /* PlayingWithUIKitDynamics */,
				7CB637D21998F06100B1373C /* PlayingWithUIKitDynamicsTests */,
				7CB637B21998F06100B1373C /* Frameworks */,
				7CB637B11998F06100B1373C /* Products */,
			);
			sourceTree = "<group>";
		};
		7CB637B11998F06100B1373C /* Products */ = {
			isa = PBXGroup;
			children = (
				7CB637B01998F06100B1373C /* PlayingWithUIKitDynamics.app */,
				7CB637CB1998F06100B1373C /* PlayingWithUIKitDynamicsTests.xctest */,
			);
			name = Products;
			sourceTree = "<group>";
		};
		7CB637B21998F06100B1373C /* Frameworks */ = {
			isa = PBXGroup;
			children = (
				7CB637B31998F06100B1373C /* Foundation.framework */,
				7CB637B51998F06100B1373C /* CoreGraphics.framework */,
				7CB637B71998F06100B1373C /* UIKit.framework */,
				7CB637CC1998F06100B1373C /* XCTest.framework */,
			);
			name = Frameworks;
			sourceTree = "<group>";
		};
		7CB637B91998F06100B1373C /* PlayingWithUIKitDynamics */ = {
			isa = PBXGroup;
			children = (
				7CB637C21998F06100B1373C /* AppDelegate.h */,
				7CB637C31998F06100B1373C /* AppDelegate.m */,
				7CB637E21998F1F200B1373C /* GravityViewController.h */,
				7CB637E31998F1F200B1373C /* GravityViewController.m */,
				7CB637C51998F06100B1373C /* Images.xcassets */,
				7CB637BA1998F06100B1373C /* Supporting Files */,
			);
			path = PlayingWithUIKitDynamics;
			sourceTree = "<group>";
		};
		7CB637BA1998F06100B1373C /* Supporting Files */ = {
			isa = PBXGroup;
			children = (
				7CB637BB1998F06100B1373C /* PlayingWithUIKitDynamics-Info.plist */,
				7CB637BC1998F06100B1373C /* InfoPlist.strings */,
				7CB637BF1998F06100B1373C /* main.m */,
				7CB637C11998F06100B1373C /* PlayingWithUIKitDynamics-Prefix.pch */,
			);
			name = "Supporting Files";
			sourceTree = "<group>";
		};
		7CB637D21998F06100B1373C /* PlayingWithUIKitDynamicsTests */ = {
			isa = PBXGroup;
			children = (
				7CB637D81998F06100B1373C /* PlayingWithUIKitDynamicsTests.m */,
				7CB637D31998F06100B1373C /* Supporting Files */,
			);
			path = PlayingWithUIKitDynamicsTests;
			sourceTree = "<group>";
		};
		7CB637D31998F06100B1373C /* Supporting Files */ = {
			isa = PBXGroup;
			children = (
				7CB637D41998F06100B1373C /* PlayingWithUIKitDynamicsTests-Info.plist */,
				7CB637D51998F06100B1373C /* InfoPlist.strings */,
			);
			name = "Supporting Files";
			sourceTree = "<group>";
		};
/* End PBXGroup section */

/* Begin PBXNativeTarget section */
		7CB637AF1998F06100B1373C /* PlayingWithUIKitDynamics */ = {
			isa = PBXNativeTarget;
			buildConfigurationList = 7CB637DC1998F06100B1373C /* Build configuration list for PBXNativeTarget "PlayingWithUIKitDynamics" */;
			buildPhases = (
				7CB637AC1998F06100B1373C /* Sources */,
				7CB637AD1998F06100B1373C /* Frameworks */,
				7CB637AE1998F06100B1373C /* Resources */,
			);
			buildRules = (
			);
			dependencies = (
			);
			name = PlayingWithUIKitDynamics;
			productName = PlayingWithUIKitDynamics;
			productReference = 7CB637B01998F06100B1373C /* PlayingWithUIKitDynamics.app */;
			productType = "com.apple.product-type.application";
		};
		7CB637CA1998F06100B1373C /* PlayingWithUIKitDynamicsTests */ = {
			isa = PBXNativeTarget;
			buildConfigurationList = 7CB637DF1998F06100B1373C /* Build configuration list for PBXNativeTarget "PlayingWithUIKitDynamicsTests" */;
			buildPhases = (
				7CB637C71998F06100B1373C /* Sources */,
				7CB637C81998F06100B1373C /* Frameworks */,
				7CB637C91998F06100B1373C /* Resources */,
			);
			buildRules = (
			);
			dependencies = (
				7CB637D11998F06100B1373C /* PBXTargetDependency */,
			);
			name = PlayingWithUIKitDynamicsTests;
			productName = PlayingWithUIKitDynamicsTests;
			productReference = 7CB637CB1998F06100B1373C /* PlayingWithUIKitDynamicsTests.xctest */;
			productType = "com.apple.product-type.bundle.unit-test";
		};
/* End PBXNativeTarget section */

/* Begin PBXProject section */
		7CB637A81998F06100B1373C /* Project object */ = {
			isa = PBXProject;
			attributes = {
				LastUpgradeCheck = 0510;
				ORGANIZATIONNAME = "Giving Tree";
				TargetAttributes = {
					7CB637CA1998F06100B1373C = {
						TestTargetID = 7CB637AF1998F06100B1373C;
					};
				};
			};
			buildConfigurationList = 7CB637AB1998F06100B1373C /* Build configuration list for PBXProject "PlayingWithUIKitDynamics" */;
			compatibilityVersion = "Xcode 3.2";
			developmentRegion = English;
			hasScannedForEncodings = 0;
			knownRegions = (
				en,
			);
			mainGroup = 7CB637A71998F06100B1373C;
			productRefGroup = 7CB637B11998F06100B1373C /* Products */;
			projectDirPath = "";
			projectRoot = "";
			targets = (
				7CB637AF1998F06100B1373C /* PlayingWithUIKitDynamics */,
				7CB637CA1998F06100B1373C /* PlayingWithUIKitDynamicsTests */,
			);
		};
/* End PBXProject section */

/* Begin PBXResourcesBuildPhase section */
		7CB637AE1998F06100B1373C /* Resources */ = {
			isa = PBXResourcesBuildPhase;
			buildActionMask = 2147483647;
			files = (
				7CB637BE1998F06100B1373C /* InfoPlist.strings in Resources */,
				7CB637C61998F06100B1373C /* Images.xcassets in Resources */,
			);
			runOnlyForDeploymentPostprocessing = 0;
		};
		7CB637C91998F06100B1373C /* Resources */ = {
			isa = PBXResourcesBuildPhase;
			buildActionMask = 2147483647;
			files = (
				7CB637D71998F06100B1373C /* InfoPlist.strings in Resources */,
			);
			runOnlyForDeploymentPostprocessing = 0;
		};
/* End PBXResourcesBuildPhase section */

/* Begin PBXSourcesBuildPhase section */
		7CB637AC1998F06100B1373C /* Sources */ = {
			isa = PBXSourcesBuildPhase;
			buildActionMask = 2147483647;
			files = (
				7CB637C41998F06100B1373C /* AppDelegate.m in Sources */,
				7CB637C01998F06100B1373C /* main.m in Sources */,
				7CB637E41998F1F200B1373C /* GravityViewController.m in Sources */,
			);
			runOnlyForDeploymentPostprocessing = 0;
		};
		7CB637C71998F06100B1373C /* Sources */ = {
			isa = PBXSourcesBuildPhase;
			buildActionMask = 2147483647;
			files = (
				7CB637D91998F06100B1373C /* PlayingWithUIKitDynamicsTests.m in Sources */,
			);
			runOnlyForDeploymentPostprocessing = 0;
		};
/* End PBXSourcesBuildPhase section */

/* Begin PBXTargetDependency section */
		7CB637D11998F06100B1373C /* PBXTargetDependency */ = {
			isa = PBXTargetDependency;
			target = 7CB637AF1998F06100B1373C /* PlayingWithUIKitDynamics */;
			targetProxy = 7CB637D01998F06100B1373C /* PBXContainerItemProxy */;
		};
/* End PBXTargetDependency section */

/* Begin PBXVariantGroup section */
		7CB637BC1998F06100B1373C /* InfoPlist.strings */ = {
			isa = PBXVariantGroup;
			children = (
				7CB637BD1998F06100B1373C /* en */,
			);
			name = InfoPlist.strings;
			sourceTree = "<group>";
		};
		7CB637D51998F06100B1373C /* InfoPlist.strings */ = {
			isa = PBXVariantGroup;
			children = (
				7CB637D61998F06100B1373C /* en */,
			);
			name = InfoPlist.strings;
			sourceTree = "<group>";
		};
/* End PBXVariantGroup section */

/* Begin XCBuildConfiguration section */
		7CB637DA1998F06100B1373C /* Debug */ = {
			isa = XCBuildConfiguration;
			buildSettings = {
				ALWAYS_SEARCH_USER_PATHS = NO;
				CLANG_CXX_LANGUAGE_STANDARD = "gnu++0x";
				CLANG_CXX_LIBRARY = "libc++";
				CLANG_ENABLE_MODULES = YES;
				CLANG_ENABLE_OBJC_ARC = YES;
				CLANG_WARN_BOOL_CONVERSION = YES;
				CLANG_WARN_CONSTANT_CONVERSION = YES;
				CLANG_WARN_DIRECT_OBJC_ISA_USAGE = YES_ERROR;
				CLANG_WARN_EMPTY_BODY = YES;
				CLANG_WARN_ENUM_CONVERSION = YES;
				CLANG_WARN_INT_CONVERSION = YES;
				CLANG_WARN_OBJC_ROOT_CLASS = YES_ERROR;
				CLANG_WARN__DUPLICATE_METHOD_MATCH = YES;
				"CODE_SIGN_IDENTITY[sdk=iphoneos*]" = "iPhone Developer";
				COPY_PHASE_STRIP = NO;
				GCC_C_LANGUAGE_STANDARD = gnu99;
				GCC_DYNAMIC_NO_PIC = NO;
				GCC_OPTIMIZATION_LEVEL = 0;
				GCC_PREPROCESSOR_DEFINITIONS = (
					"DEBUG=1",
					"$(inherited)",
				);
				GCC_SYMBOLS_PRIVATE_EXTERN = NO;
				GCC_WARN_64_TO_32_BIT_CONVERSION = YES;
				GCC_WARN_ABOUT_RETURN_TYPE = YES_ERROR;
				GCC_WARN_UNDECLARED_SELECTOR = YES;
				GCC_WARN_UNINITIALIZED_AUTOS = YES_AGGRESSIVE;
				GCC_WARN_UNUSED_FUNCTION = YES;
				GCC_WARN_UNUSED_VARIABLE = YES;
				IPHONEOS_DEPLOYMENT_TARGET = 7.1;
				ONLY_ACTIVE_ARCH = YES;
				SDKROOT = iphoneos;
			};
			name = Debug;
		};
		7CB637DB1998F06100B1373C /* Release */ = {
			isa = XCBuildConfiguration;
			buildSettings = {
				ALWAYS_SEARCH_USER_PATHS = NO;
				CLANG_CXX_LANGUAGE_STANDARD = "gnu++0x";
				CLANG_CXX_LIBRARY = "libc++";
				CLANG_ENABLE_MODULES = YES;
				CLANG_ENABLE_OBJC_ARC = YES;
				CLANG_WARN_BOOL_CONVERSION = YES;
				CLANG_WARN_CONSTANT_CONVERSION = YES;
				CLANG_WARN_DIRECT_OBJC_ISA_USAGE = YES_ERROR;
				CLANG_WARN_EMPTY_BODY = YES;
				CLANG_WARN_ENUM_CONVERSION = YES;
				CLANG_WARN_INT_CONVERSION = YES;
				CLANG_WARN_OBJC_ROOT_CLASS = YES_ERROR;
				CLANG_WARN__DUPLICATE_METHOD_MATCH = YES;
				"CODE_SIGN_IDENTITY[sdk=iphoneos*]" = "iPhone Developer";
				COPY_PHASE_STRIP = YES;
				ENABLE_NS_ASSERTIONS = NO;
				GCC_C_LANGUAGE_STANDARD = gnu99;
				GCC_WARN_64_TO_32_BIT_CONVERSION = YES;
				GCC_WARN_ABOUT_RETURN_TYPE = YES_ERROR;
				GCC_WARN_UNDECLARED_SELECTOR = YES;
				GCC_WARN_UNINITIALIZED_AUTOS = YES_AGGRESSIVE;
				GCC_WARN_UNUSED_FUNCTION = YES;
				GCC_WARN_UNUSED_VARIABLE = YES;
				IPHONEOS_DEPLOYMENT_TARGET = 7.1;
				SDKROOT = iphoneos;
				VALIDATE_PRODUCT = YES;
			};
			name = Release;
		};
		7CB637DD1998F06100B1373C /* Debug */ = {
			isa = XCBuildConfiguration;
			buildSettings = {
				ASSETCATALOG_COMPILER_APPICON_NAME = AppIcon;
				ASSETCATALOG_COMPILER_LAUNCHIMAGE_NAME = LaunchImage;
				GCC_PRECOMPILE_PREFIX_HEADER = YES;
				GCC_PREFIX_HEADER = "PlayingWithUIKitDynamics/PlayingWithUIKitDynamics-Prefix.pch";
				INFOPLIST_FILE = "PlayingWithUIKitDynamics/PlayingWithUIKitDynamics-Info.plist";
				PRODUCT_NAME = "$(TARGET_NAME)";
				WRAPPER_EXTENSION = app;
			};
			name = Debug;
		};
		7CB637DE1998F06100B1373C /* Release */ = {
			isa = XCBuildConfiguration;
			buildSettings = {
				ASSETCATALOG_COMPILER_APPICON_NAME = AppIcon;
				ASSETCATALOG_COMPILER_LAUNCHIMAGE_NAME = LaunchImage;
				GCC_PRECOMPILE_PREFIX_HEADER = YES;
				GCC_PREFIX_HEADER = "PlayingWithUIKitDynamics/PlayingWithUIKitDynamics-Prefix.pch";
				INFOPLIST_FILE = "PlayingWithUIKitDynamics/PlayingWithUIKitDynamics-Info.plist";
				PRODUCT_NAME = "$(TARGET_NAME)";
				WRAPPER_EXTENSION = app;
			};
			name = Release;
		};
		7CB637E01998F06100B1373C /* Debug */ = {
			isa = XCBuildConfiguration;
			buildSettings = {
				BUNDLE_LOADER = "$(BUILT_PRODUCTS_DIR)/PlayingWithUIKitDynamics.app/PlayingWithUIKitDynamics";
				FRAMEWORK_SEARCH_PATHS = (
					"$(SDKROOT)/Developer/Library/Frameworks",
					"$(inherited)",
					"$(DEVELOPER_FRAMEWORKS_DIR)",
				);
				GCC_PRECOMPILE_PREFIX_HEADER = YES;
				GCC_PREFIX_HEADER = "PlayingWithUIKitDynamics/PlayingWithUIKitDynamics-Prefix.pch";
				GCC_PREPROCESSOR_DEFINITIONS = (
					"DEBUG=1",
					"$(inherited)",
				);
				INFOPLIST_FILE = "PlayingWithUIKitDynamicsTests/PlayingWithUIKitDynamicsTests-Info.plist";
				PRODUCT_NAME = "$(TARGET_NAME)";
				TEST_HOST = "$(BUNDLE_LOADER)";
				WRAPPER_EXTENSION = xctest;
			};
			name = Debug;
		};
		7CB637E11998F06100B1373C /* Release */ = {
			isa = XCBuildConfiguration;
			buildSettings = {
				BUNDLE_LOADER = "$(BUILT_PRODUCTS_DIR)/PlayingWithUIKitDynamics.app/PlayingWithUIKitDynamics";
				FRAMEWORK_SEARCH_PATHS = (
					"$(SDKROOT)/Developer/Library/Frameworks",
					"$(inherited)",
					"$(DEVELOPER_FRAMEWORKS_DIR)",
				);
				GCC_PRECOMPILE_PREFIX_HEADER = YES;
				GCC_PREFIX_HEADER = "PlayingWithUIKitDynamics/PlayingWithUIKitDynamics-Prefix.pch";
				INFOPLIST_FILE = "PlayingWithUIKitDynamicsTests/PlayingWithUIKitDynamicsTests-Info.plist";
				PRODUCT_NAME = "$(TARGET_NAME)";
				TEST_HOST = "$(BUNDLE_LOADER)";
				WRAPPER_EXTENSION = xctest;
			};
			name = Release;
		};
/* End XCBuildConfiguration section */

/* Begin XCConfigurationList section */
		7CB637AB1998F06100B1373C /* Build configuration list for PBXProject "PlayingWithUIKitDynamics" */ = {
			isa = XCConfigurationList;
			buildConfigurations = (
				7CB637DA1998F06100B1373C /* Debug */,
				7CB637DB1998F06100B1373C /* Release */,
			);
			defaultConfigurationIsVisible = 0;
			defaultConfigurationName = Release;
		};
		7CB637DC1998F06100B1373C /* Build configuration list for PBXNativeTarget "PlayingWithUIKitDynamics" */ = {
			isa = XCConfigurationList;
			buildConfigurations = (
				7CB637DD1998F06100B1373C /* Debug */,
				7CB637DE1998F06100B1373C /* Release */,
			);
			defaultConfigurationIsVisible = 0;
		};
		7CB637DF1998F06100B1373C /* Build configuration list for PBXNativeTarget "PlayingWithUIKitDynamicsTests" */ = {
			isa = XCConfigurationList;
			buildConfigurations = (
				7CB637E01998F06100B1373C /* Debug */,
				7CB637E11998F06100B1373C /* Release */,
			);
			defaultConfigurationIsVisible = 0;
		};
/* End XCConfigurationList section */
	};
	rootObject = 7CB637A81998F06100B1373C /* Project object */;
}
